
Microsoft Visual Studio Solution File, Format Version 12.00
# Visual Studio Version 17
VisualStudioVersion = 17.8.34316.72
MinimumVisualStudioVersion = 10.0.40219.1
Project("{9A19103F-16F7-4668-BE54-9A1E7A4F7556}") = "Wep_Api_1", "Wep_Api_1\Wep_Api_1.csproj", "{4690FD85-8BC2-4189-A002-48238113BFB0}"
EndProject
Project("{2150E333-8FDC-42A3-9474-1A3956D46DE8}") = "Test_Project_1", "Test_Project_1", "{22660709-AA3D-4F79-958F-18CDD15E8884}"
EndProject
Project("{2150E333-8FDC-42A3-9474-1A3956D46DE8}") = "src", "src", "{AF878DE1-48F0-466C-90C3-919AF2030DF7}"
EndProject
Project("{9A19103F-16F7-4668-BE54-9A1E7A4F7556}") = "Wep_1.Domain", "Wep_1.Domain\Wep_1.Domain.csproj", "{AFC832CB-0656-40E6-ABD6-0215F9F1E266}"
EndProject
Project("{9A19103F-16F7-4668-BE54-9A1E7A4F7556}") = "Wep_1.Application", "Wep_1.Application\Wep_1.Application.csproj", "{D1A56E55-0555-46E1-9275-05ACB55C6E76}"
EndProject
Project("{9A19103F-16F7-4668-BE54-9A1E7A4F7556}") = "Wep_1.Infrastructure", "Wep_1.Infrastructure\Wep_1.Infrastructure.csproj", "{C3D6CD69-3553-4B75-BDC6-FD58A75B9F6E}"
EndProject
Project("{2150E333-8FDC-42A3-9474-1A3956D46DE8}") = "AuthentificationLayer", "AuthentificationLayer", "{9742AD15-BB60-48C5-ACFD-F2BB149480FC}"
EndProject
Project("{9A19103F-16F7-4668-BE54-9A1E7A4F7556}") = "AuthenticationWebAPi", "AuthenticationWebAPi\AuthenticationWebAPi.csproj", "{0F09E05A-080F-4A55-8AE3-D299E12B21A6}"
EndProject
Project("{9A19103F-16F7-4668-BE54-9A1E7A4F7556}") = "JWTAuthentificationManager", "JWTAuthentificationManager\JWTAuthentificationManager.csproj", "{F816FFDE-10DD-424C-8FFE-705E20100114}"
EndProject
Project("{FAE04EC0-301F-11D3-BF4B-00C04F79EFBC}") = "Exaples_", "Exaples_\Exaples_.csproj", "{7B68E268-9B98-4145-8770-B60BC221D369}"
EndProject
Global
	GlobalSection(SolutionConfigurationPlatforms) = preSolution
		Debug|Any CPU = Debug|Any CPU
		Release|Any CPU = Release|Any CPU
	EndGlobalSection
	GlobalSection(ProjectConfigurationPlatforms) = postSolution
		{4690FD85-8BC2-4189-A002-48238113BFB0}.Debug|Any CPU.ActiveCfg = Debug|Any CPU
		{4690FD85-8BC2-4189-A002-48238113BFB0}.Debug|Any CPU.Build.0 = Debug|Any CPU
		{4690FD85-8BC2-4189-A002-48238113BFB0}.Release|Any CPU.ActiveCfg = Release|Any CPU
		{4690FD85-8BC2-4189-A002-48238113BFB0}.Release|Any CPU.Build.0 = Release|Any CPU
		{AFC832CB-0656-40E6-ABD6-0215F9F1E266}.Debug|Any CPU.ActiveCfg = Debug|Any CPU
		{AFC832CB-0656-40E6-ABD6-0215F9F1E266}.Debug|Any CPU.Build.0 = Debug|Any CPU
		{AFC832CB-0656-40E6-ABD6-0215F9F1E266}.Release|Any CPU.ActiveCfg = Release|Any CPU
		{AFC832CB-0656-40E6-ABD6-0215F9F1E266}.Release|Any CPU.Build.0 = Release|Any CPU
		{D1A56E55-0555-46E1-9275-05ACB55C6E76}.Debug|Any CPU.ActiveCfg = Debug|Any CPU
		{D1A56E55-0555-46E1-9275-05ACB55C6E76}.Debug|Any CPU.Build.0 = Debug|Any CPU
		{D1A56E55-0555-46E1-9275-05ACB55C6E76}.Release|Any CPU.ActiveCfg = Release|Any CPU
		{D1A56E55-0555-46E1-9275-05ACB55C6E76}.Release|Any CPU.Build.0 = Release|Any CPU
		{C3D6CD69-3553-4B75-BDC6-FD58A75B9F6E}.Debug|Any CPU.ActiveCfg = Debug|Any CPU
		{C3D6CD69-3553-4B75-BDC6-FD58A75B9F6E}.Debug|Any CPU.Build.0 = Debug|Any CPU
		{C3D6CD69-3553-4B75-BDC6-FD58A75B9F6E}.Release|Any CPU.ActiveCfg = Release|Any CPU
		{C3D6CD69-3553-4B75-BDC6-FD58A75B9F6E}.Release|Any CPU.Build.0 = Release|Any CPU
		{0F09E05A-080F-4A55-8AE3-D299E12B21A6}.Debug|Any CPU.ActiveCfg = Debug|Any CPU
		{0F09E05A-080F-4A55-8AE3-D299E12B21A6}.Debug|Any CPU.Build.0 = Debug|Any CPU
		{0F09E05A-080F-4A55-8AE3-D299E12B21A6}.Release|Any CPU.ActiveCfg = Release|Any CPU
		{0F09E05A-080F-4A55-8AE3-D299E12B21A6}.Release|Any CPU.Build.0 = Release|Any CPU
		{F816FFDE-10DD-424C-8FFE-705E20100114}.Debug|Any CPU.ActiveCfg = Debug|Any CPU
		{F816FFDE-10DD-424C-8FFE-705E20100114}.Debug|Any CPU.Build.0 = Debug|Any CPU
		{F816FFDE-10DD-424C-8FFE-705E20100114}.Release|Any CPU.ActiveCfg = Release|Any CPU
		{F816FFDE-10DD-424C-8FFE-705E20100114}.Release|Any CPU.Build.0 = Release|Any CPU
		{7B68E268-9B98-4145-8770-B60BC221D369}.Debug|Any CPU.ActiveCfg = Debug|Any CPU
		{7B68E268-9B98-4145-8770-B60BC221D369}.Debug|Any CPU.Build.0 = Debug|Any CPU
		{7B68E268-9B98-4145-8770-B60BC221D369}.Release|Any CPU.ActiveCfg = Release|Any CPU
		{7B68E268-9B98-4145-8770-B60BC221D369}.Release|Any CPU.Build.0 = Release|Any CPU
	EndGlobalSection
	GlobalSection(SolutionProperties) = preSolution
		HideSolutionNode = FALSE
	EndGlobalSection
	GlobalSection(NestedProjects) = preSolution
		{4690FD85-8BC2-4189-A002-48238113BFB0} = {22660709-AA3D-4F79-958F-18CDD15E8884}
		{22660709-AA3D-4F79-958F-18CDD15E8884} = {AF878DE1-48F0-466C-90C3-919AF2030DF7}
		{AFC832CB-0656-40E6-ABD6-0215F9F1E266} = {22660709-AA3D-4F79-958F-18CDD15E8884}
		{D1A56E55-0555-46E1-9275-05ACB55C6E76} = {22660709-AA3D-4F79-958F-18CDD15E8884}
		{C3D6CD69-3553-4B75-BDC6-FD58A75B9F6E} = {22660709-AA3D-4F79-958F-18CDD15E8884}
		{9742AD15-BB60-48C5-ACFD-F2BB149480FC} = {AF878DE1-48F0-466C-90C3-919AF2030DF7}
		{0F09E05A-080F-4A55-8AE3-D299E12B21A6} = {9742AD15-BB60-48C5-ACFD-F2BB149480FC}
		{F816FFDE-10DD-424C-8FFE-705E20100114} = {9742AD15-BB60-48C5-ACFD-F2BB149480FC}
		{7B68E268-9B98-4145-8770-B60BC221D369} = {AF878DE1-48F0-466C-90C3-919AF2030DF7}
	EndGlobalSection
	GlobalSection(ExtensibilityGlobals) = postSolution
		SolutionGuid = {21C3C178-139D-471A-BF22-854BB821D396}
	EndGlobalSection
EndGlobal
